github.com/fritzkeyzer/go-utils/pretty v0.0.0-20220823162000-568802efc05d h1:+BulrKp6v/4cbZ0CvHU2tm2Ca6A2Fbv3shc+Nt0ABiA=
github.com/fritzkeyzer/go-utils/pretty v0.0.0-20220823162000-568802efc05d/go.mod h1:poRVrXRfCpAhy1t+vl30dX/k9lrvSg+T2XvQgkS0BZ0=
github.com/fritzkeyzer/go-utils/stringutil v0.0.0-20220823162000-568802efc05d h1:gOfPTgw6jux9vadXGOUdESH0t7Xpif1uB6E6PawGTY4=
github.com/fritzkeyzer/go-utils/stringutil v0.0.0-20220823162000-568802efc05d/go.mod h1:DOpIq+P/CZ+00Xx+9X2TGQsi5NP3+NiEhpzgWefR2pE=
