github.com/fritzkeyzer/go-utils/pretty v0.0.0-20220823163111-9a89fa44777b h1:jtBPyZWS03LwtEqpOxf91nQYZtJ5TPxkB2lQkkp/PBs=
github.com/fritzkeyzer/go-utils/pretty v0.0.0-20220823163111-9a89fa44777b/go.mod h1:poRVrXRfCpAhy1t+vl30dX/k9lrvSg+T2XvQgkS0BZ0=
github.com/fritzkeyzer/go-utils/stringutil v0.0.0-20220823191701-8baaf1b55dcf h1:DBzZTnkcPY4YMlzNMWRcnbzXnkSgt/1L4+NVmElGPRo=
github.com/fritzkeyzer/go-utils/stringutil v0.0.0-20220823191701-8baaf1b55dcf/go.mod h1:m90s3tMyLWDenkeGewXtexs/zS0ZEMvdFIsgwg6d438=
